
Microsoft Visual Studio Solution File, Format Version 12.00
# Visual Studio Version 16
VisualStudioVersion = 16.0.31321.278
MinimumVisualStudioVersion = 10.0.40219.1
Project("{9A19103F-16F7-4668-BE54-9A1E7A4F7556}") = "QandA", "QandA\QandA.csproj", "{4C74041F-4E74-4050-8A27-5D14BF820A62}"
EndProject
Project("{FAE04EC0-301F-11D3-BF4B-00C04F79EFBC}") = "BackendTests", "BackendTests\BackendTests.csproj", "{BA7749E1-2182-4305-B8AB-6FCDF57CFFF5}"
EndProject
Global
	GlobalSection(SolutionConfigurationPlatforms) = preSolution
		Debug|Any CPU = Debug|Any CPU
		Release|Any CPU = Release|Any CPU
	EndGlobalSection
	GlobalSection(ProjectConfigurationPlatforms) = postSolution
		{4C74041F-4E74-4050-8A27-5D14BF820A62}.Debug|Any CPU.ActiveCfg = Debug|Any CPU
		{4C74041F-4E74-4050-8A27-5D14BF820A62}.Debug|Any CPU.Build.0 = Debug|Any CPU
		{4C74041F-4E74-4050-8A27-5D14BF820A62}.Release|Any CPU.ActiveCfg = Release|Any CPU
		{4C74041F-4E74-4050-8A27-5D14BF820A62}.Release|Any CPU.Build.0 = Release|Any CPU
		{BA7749E1-2182-4305-B8AB-6FCDF57CFFF5}.Debug|Any CPU.ActiveCfg = Debug|Any CPU
		{BA7749E1-2182-4305-B8AB-6FCDF57CFFF5}.Debug|Any CPU.Build.0 = Debug|Any CPU
		{BA7749E1-2182-4305-B8AB-6FCDF57CFFF5}.Release|Any CPU.ActiveCfg = Release|Any CPU
		{BA7749E1-2182-4305-B8AB-6FCDF57CFFF5}.Release|Any CPU.Build.0 = Release|Any CPU
	EndGlobalSection
	GlobalSection(SolutionProperties) = preSolution
		HideSolutionNode = FALSE
	EndGlobalSection
	GlobalSection(ExtensibilityGlobals) = postSolution
		SolutionGuid = {D43CF078-9710-419E-B919-A8C3F03985DB}
	EndGlobalSection
EndGlobal
